
Microsoft Visual Studio Solution File, Format Version 12.00
# Visual Studio Version 17
VisualStudioVersion = 17.2.32630.192
MinimumVisualStudioVersion = 10.0.40219.1
Project("{FAE04EC0-301F-11D3-BF4B-00C04F79EFBC}") = "KnesetScrapper", "KnesetScrapper\KnesetScrapper.csproj", "{02064A2F-2F3E-4FAF-9A16-8C76FB49DC9B}"
EndProject
Global
	GlobalSection(SolutionConfigurationPlatforms) = preSolution
		Debug|Any CPU = Debug|Any CPU
		Release|Any CPU = Release|Any CPU
	EndGlobalSection
	GlobalSection(ProjectConfigurationPlatforms) = postSolution
		{02064A2F-2F3E-4FAF-9A16-8C76FB49DC9B}.Debug|Any CPU.ActiveCfg = Debug|Any CPU
		{02064A2F-2F3E-4FAF-9A16-8C76FB49DC9B}.Debug|Any CPU.Build.0 = Debug|Any CPU
		{02064A2F-2F3E-4FAF-9A16-8C76FB49DC9B}.Release|Any CPU.ActiveCfg = Release|Any CPU
		{02064A2F-2F3E-4FAF-9A16-8C76FB49DC9B}.Release|Any CPU.Build.0 = Release|Any CPU
	EndGlobalSection
	GlobalSection(SolutionProperties) = preSolution
		HideSolutionNode = FALSE
	EndGlobalSection
	GlobalSection(ExtensibilityGlobals) = postSolution
		SolutionGuid = {C57C22CE-9825-4B00-AFD8-2C63BBFA424F}
	EndGlobalSection
EndGlobal
